
Microsoft Visual Studio Solution File, Format Version 12.00
# Visual Studio Version 16
VisualStudioVersion = 16.0.29709.97
MinimumVisualStudioVersion = 10.0.40219.1
Project("{FAE04EC0-301F-11D3-BF4B-00C04F79EFBC}") = "Assignment02", "Assignment02\Assignment02.csproj", "{5F0574FD-7CEC-4631-ACEF-646C7798CC96}"
EndProject
Global
	GlobalSection(SolutionConfigurationPlatforms) = preSolution
		Debug|Any CPU = Debug|Any CPU
		Release|Any CPU = Release|Any CPU
	EndGlobalSection
	GlobalSection(ProjectConfigurationPlatforms) = postSolution
		{5F0574FD-7CEC-4631-ACEF-646C7798CC96}.Debug|Any CPU.ActiveCfg = Debug|Any CPU
		{5F0574FD-7CEC-4631-ACEF-646C7798CC96}.Debug|Any CPU.Build.0 = Debug|Any CPU
		{5F0574FD-7CEC-4631-ACEF-646C7798CC96}.Release|Any CPU.ActiveCfg = Release|Any CPU
		{5F0574FD-7CEC-4631-ACEF-646C7798CC96}.Release|Any CPU.Build.0 = Release|Any CPU
	EndGlobalSection
	GlobalSection(SolutionProperties) = preSolution
		HideSolutionNode = FALSE
	EndGlobalSection
	GlobalSection(ExtensibilityGlobals) = postSolution
		SolutionGuid = {DE9F97DB-AA51-4C31-871F-EA6D757BFF8A}
	EndGlobalSection
EndGlobal
